
Microsoft Visual Studio Solution File, Format Version 12.00
# Visual Studio 14
VisualStudioVersion = 14.0.25420.1
MinimumVisualStudioVersion = 10.0.40219.1
Project("{2150E333-8FDC-42A3-9474-1A3956D46DE8}") = "src", "src", "{29383B65-2692-478D-8075-645D00438A98}"
EndProject
Project("{2150E333-8FDC-42A3-9474-1A3956D46DE8}") = "Solution Items", "Solution Items", "{D3A7D4CF-E28A-45A7-89DB-A5B69B61DB4D}"
	ProjectSection(SolutionItems) = preProject
		global.json = global.json
	EndProjectSection
EndProject
Project("{8BB2217D-0F2D-49D1-97BC-3654ED321F3B}") = "QRFrameworkCore", "src\QRFrameworkCore\QRFrameworkCore.xproj", "{D02EFEC8-179C-4570-B1D1-02D7197B155B}"
EndProject
Project("{8BB2217D-0F2D-49D1-97BC-3654ED321F3B}") = "QRFrameworkMVC", "src\QRFrameworkMVC\QRFrameworkMVC.xproj", "{16A22827-4A1F-4395-9177-09310EE42C01}"
EndProject
Project("{2150E333-8FDC-42A3-9474-1A3956D46DE8}") = "Commons", "Commons", "{AD99B8B6-7E51-48B7-8E5D-85BA5A32CC77}"
EndProject
Project("{2150E333-8FDC-42A3-9474-1A3956D46DE8}") = "Domains", "Domains", "{4E193DA8-4418-4385-881A-3AD438952B09}"
EndProject
Project("{2150E333-8FDC-42A3-9474-1A3956D46DE8}") = "Services", "Services", "{AEF8B5FC-7C03-4043-96D1-314D58F52C5E}"
EndProject
Project("{8BB2217D-0F2D-49D1-97BC-3654ED321F3B}") = "Domain", "Domain\Domain.xproj", "{84225465-5B54-4EA6-A038-76B1C742AECC}"
EndProject
Project("{8BB2217D-0F2D-49D1-97BC-3654ED321F3B}") = "Service", "Service\Service.xproj", "{65A2AADA-5117-4B1C-BD97-8DEEC02F190C}"
EndProject
Global
	GlobalSection(SolutionConfigurationPlatforms) = preSolution
		Debug|Any CPU = Debug|Any CPU
		Release|Any CPU = Release|Any CPU
	EndGlobalSection
	GlobalSection(ProjectConfigurationPlatforms) = postSolution
		{D02EFEC8-179C-4570-B1D1-02D7197B155B}.Debug|Any CPU.ActiveCfg = Debug|Any CPU
		{D02EFEC8-179C-4570-B1D1-02D7197B155B}.Debug|Any CPU.Build.0 = Debug|Any CPU
		{D02EFEC8-179C-4570-B1D1-02D7197B155B}.Release|Any CPU.ActiveCfg = Release|Any CPU
		{D02EFEC8-179C-4570-B1D1-02D7197B155B}.Release|Any CPU.Build.0 = Release|Any CPU
		{16A22827-4A1F-4395-9177-09310EE42C01}.Debug|Any CPU.ActiveCfg = Debug|Any CPU
		{16A22827-4A1F-4395-9177-09310EE42C01}.Debug|Any CPU.Build.0 = Debug|Any CPU
		{16A22827-4A1F-4395-9177-09310EE42C01}.Release|Any CPU.ActiveCfg = Release|Any CPU
		{16A22827-4A1F-4395-9177-09310EE42C01}.Release|Any CPU.Build.0 = Release|Any CPU
		{84225465-5B54-4EA6-A038-76B1C742AECC}.Debug|Any CPU.ActiveCfg = Debug|Any CPU
		{84225465-5B54-4EA6-A038-76B1C742AECC}.Debug|Any CPU.Build.0 = Debug|Any CPU
		{84225465-5B54-4EA6-A038-76B1C742AECC}.Release|Any CPU.ActiveCfg = Release|Any CPU
		{84225465-5B54-4EA6-A038-76B1C742AECC}.Release|Any CPU.Build.0 = Release|Any CPU
		{65A2AADA-5117-4B1C-BD97-8DEEC02F190C}.Debug|Any CPU.ActiveCfg = Debug|Any CPU
		{65A2AADA-5117-4B1C-BD97-8DEEC02F190C}.Debug|Any CPU.Build.0 = Debug|Any CPU
		{65A2AADA-5117-4B1C-BD97-8DEEC02F190C}.Release|Any CPU.ActiveCfg = Release|Any CPU
		{65A2AADA-5117-4B1C-BD97-8DEEC02F190C}.Release|Any CPU.Build.0 = Release|Any CPU
	EndGlobalSection
	GlobalSection(SolutionProperties) = preSolution
		HideSolutionNode = FALSE
	EndGlobalSection
	GlobalSection(NestedProjects) = preSolution
		{D02EFEC8-179C-4570-B1D1-02D7197B155B} = {29383B65-2692-478D-8075-645D00438A98}
		{16A22827-4A1F-4395-9177-09310EE42C01} = {29383B65-2692-478D-8075-645D00438A98}
		{84225465-5B54-4EA6-A038-76B1C742AECC} = {4E193DA8-4418-4385-881A-3AD438952B09}
		{65A2AADA-5117-4B1C-BD97-8DEEC02F190C} = {AEF8B5FC-7C03-4043-96D1-314D58F52C5E}
	EndGlobalSection
EndGlobal
